
Microsoft Visual Studio Solution File, Format Version 12.00
# Visual Studio Version 17
VisualStudioVersion = 17.11.35303.130
MinimumVisualStudioVersion = 10.0.40219.1
Project("{2150E333-8FDC-42A3-9474-1A3956D46DE8}") = "Api", "Api", "{7D27FD64-DE50-49E1-BF02-D22FD6648E4C}"
EndProject
Project("{2150E333-8FDC-42A3-9474-1A3956D46DE8}") = "Common", "Common", "{F0E632B9-6CEE-4FB8-BAD8-9EE25BC34D83}"
EndProject
Project("{2150E333-8FDC-42A3-9474-1A3956D46DE8}") = "Core", "Core", "{5757B76F-3AB4-46C5-9814-59108CEE9D73}"
EndProject
Project("{2150E333-8FDC-42A3-9474-1A3956D46DE8}") = "Framework", "Framework", "{7F162730-2B20-4453-BED1-3B71F3921B4E}"
EndProject
Project("{2150E333-8FDC-42A3-9474-1A3956D46DE8}") = "Infrastructure", "Infrastructure", "{FBFE3E04-7202-45DB-BFB0-527EB08A5DF6}"
EndProject
Project("{2150E333-8FDC-42A3-9474-1A3956D46DE8}") = "Repository", "Repository", "{7A9932C5-98DF-41E4-9717-42FDD99ED286}"
EndProject
Project("{2150E333-8FDC-42A3-9474-1A3956D46DE8}") = "Service", "Service", "{916F5F0D-D4BD-46EB-935C-2B9336FB448F}"
EndProject
Project("{2150E333-8FDC-42A3-9474-1A3956D46DE8}") = "Tests", "Tests", "{7EEE7F88-E495-492C-BCD7-7B7D86F5C804}"
EndProject
Project("{9A19103F-16F7-4668-BE54-9A1E7A4F7556}") = "User.Api", "App\User.Api\User.Api.csproj", "{44BAA279-D4E7-4B2E-9180-E4C7AC06AC88}"
EndProject
Project("{9A19103F-16F7-4668-BE54-9A1E7A4F7556}") = "OMS.Service.User", "Service\OMS.Service.User\OMS.Service.User.csproj", "{E7A0CC03-40E3-49D1-8373-48BDD792E9CB}"
EndProject
Project("{9A19103F-16F7-4668-BE54-9A1E7A4F7556}") = "OMS.Repository.User", "Repository\OMS.Repository.User\OMS.Repository.User.csproj", "{7E05312A-CEC0-4021-8610-EAC5E276B175}"
EndProject
Project("{2150E333-8FDC-42A3-9474-1A3956D46DE8}") = "Domain", "Domain", "{E72085D0-0B25-4190-A5DC-97181D6E80C6}"
EndProject
Project("{9A19103F-16F7-4668-BE54-9A1E7A4F7556}") = "OMS.Domain.User.Model", "Domain\OMS.Domain.User.Model\OMS.Domain.User.Model.csproj", "{CFAD28FA-CE49-4A94-B286-1DA4D45B6159}"
EndProject
Project("{9A19103F-16F7-4668-BE54-9A1E7A4F7556}") = "OMS.Domain.User.Dto", "Domain\OMS.Domain.User.Dto\OMS.Domain.User.Dto.csproj", "{76E95748-0E08-4E08-8904-278304C9A212}"
EndProject
Project("{9A19103F-16F7-4668-BE54-9A1E7A4F7556}") = "OMS.Common", "Common\OMS.Common\OMS.Common.csproj", "{BD0DD05F-5977-4022-8597-9123978E7647}"
EndProject
Project("{9A19103F-16F7-4668-BE54-9A1E7A4F7556}") = "OMS.Common.Api", "Common\OMS.Common.Api\OMS.Common.Api.csproj", "{B4A6F027-1E86-44D9-9240-A55D32F68FA4}"
EndProject
Project("{FAE04EC0-301F-11D3-BF4B-00C04F79EFBC}") = "OMS.Domain.User.Mapping", "Domain\OMS.Domain.User.Mapping\OMS.Domain.User.Mapping.csproj", "{C6D0CD76-8C85-43AB-8EE2-A18CAD8B4D62}"
EndProject
Project("{FAE04EC0-301F-11D3-BF4B-00C04F79EFBC}") = "OMS.Domain.User.Entity", "Domain\OMS.Domain.User.Entity\OMS.Domain.User.Entity.csproj", "{527AFCD5-24DB-4196-9E91-702C5D4E2D5F}"
EndProject
Project("{FAE04EC0-301F-11D3-BF4B-00C04F79EFBC}") = "OMS.Domain.Base.Mapping", "Domain\OMS.Domain.Base.Mapping\OMS.Domain.Base.Mapping.csproj", "{CE6B4199-9AC6-41C4-94FB-3FF385E667DF}"
EndProject
Global
	GlobalSection(SolutionConfigurationPlatforms) = preSolution
		Debug|Any CPU = Debug|Any CPU
		Release|Any CPU = Release|Any CPU
	EndGlobalSection
	GlobalSection(ProjectConfigurationPlatforms) = postSolution
		{44BAA279-D4E7-4B2E-9180-E4C7AC06AC88}.Debug|Any CPU.ActiveCfg = Debug|Any CPU
		{44BAA279-D4E7-4B2E-9180-E4C7AC06AC88}.Debug|Any CPU.Build.0 = Debug|Any CPU
		{44BAA279-D4E7-4B2E-9180-E4C7AC06AC88}.Release|Any CPU.ActiveCfg = Release|Any CPU
		{44BAA279-D4E7-4B2E-9180-E4C7AC06AC88}.Release|Any CPU.Build.0 = Release|Any CPU
		{E7A0CC03-40E3-49D1-8373-48BDD792E9CB}.Debug|Any CPU.ActiveCfg = Debug|Any CPU
		{E7A0CC03-40E3-49D1-8373-48BDD792E9CB}.Debug|Any CPU.Build.0 = Debug|Any CPU
		{E7A0CC03-40E3-49D1-8373-48BDD792E9CB}.Release|Any CPU.ActiveCfg = Release|Any CPU
		{E7A0CC03-40E3-49D1-8373-48BDD792E9CB}.Release|Any CPU.Build.0 = Release|Any CPU
		{7E05312A-CEC0-4021-8610-EAC5E276B175}.Debug|Any CPU.ActiveCfg = Debug|Any CPU
		{7E05312A-CEC0-4021-8610-EAC5E276B175}.Debug|Any CPU.Build.0 = Debug|Any CPU
		{7E05312A-CEC0-4021-8610-EAC5E276B175}.Release|Any CPU.ActiveCfg = Release|Any CPU
		{7E05312A-CEC0-4021-8610-EAC5E276B175}.Release|Any CPU.Build.0 = Release|Any CPU
		{CFAD28FA-CE49-4A94-B286-1DA4D45B6159}.Debug|Any CPU.ActiveCfg = Debug|Any CPU
		{CFAD28FA-CE49-4A94-B286-1DA4D45B6159}.Debug|Any CPU.Build.0 = Debug|Any CPU
		{CFAD28FA-CE49-4A94-B286-1DA4D45B6159}.Release|Any CPU.ActiveCfg = Release|Any CPU
		{CFAD28FA-CE49-4A94-B286-1DA4D45B6159}.Release|Any CPU.Build.0 = Release|Any CPU
		{76E95748-0E08-4E08-8904-278304C9A212}.Debug|Any CPU.ActiveCfg = Debug|Any CPU
		{76E95748-0E08-4E08-8904-278304C9A212}.Debug|Any CPU.Build.0 = Debug|Any CPU
		{76E95748-0E08-4E08-8904-278304C9A212}.Release|Any CPU.ActiveCfg = Release|Any CPU
		{76E95748-0E08-4E08-8904-278304C9A212}.Release|Any CPU.Build.0 = Release|Any CPU
		{BD0DD05F-5977-4022-8597-9123978E7647}.Debug|Any CPU.ActiveCfg = Debug|Any CPU
		{BD0DD05F-5977-4022-8597-9123978E7647}.Debug|Any CPU.Build.0 = Debug|Any CPU
		{BD0DD05F-5977-4022-8597-9123978E7647}.Release|Any CPU.ActiveCfg = Release|Any CPU
		{BD0DD05F-5977-4022-8597-9123978E7647}.Release|Any CPU.Build.0 = Release|Any CPU
		{B4A6F027-1E86-44D9-9240-A55D32F68FA4}.Debug|Any CPU.ActiveCfg = Debug|Any CPU
		{B4A6F027-1E86-44D9-9240-A55D32F68FA4}.Debug|Any CPU.Build.0 = Debug|Any CPU
		{B4A6F027-1E86-44D9-9240-A55D32F68FA4}.Release|Any CPU.ActiveCfg = Release|Any CPU
		{B4A6F027-1E86-44D9-9240-A55D32F68FA4}.Release|Any CPU.Build.0 = Release|Any CPU
		{C6D0CD76-8C85-43AB-8EE2-A18CAD8B4D62}.Debug|Any CPU.ActiveCfg = Debug|Any CPU
		{C6D0CD76-8C85-43AB-8EE2-A18CAD8B4D62}.Debug|Any CPU.Build.0 = Debug|Any CPU
		{C6D0CD76-8C85-43AB-8EE2-A18CAD8B4D62}.Release|Any CPU.ActiveCfg = Release|Any CPU
		{C6D0CD76-8C85-43AB-8EE2-A18CAD8B4D62}.Release|Any CPU.Build.0 = Release|Any CPU
		{527AFCD5-24DB-4196-9E91-702C5D4E2D5F}.Debug|Any CPU.ActiveCfg = Debug|Any CPU
		{527AFCD5-24DB-4196-9E91-702C5D4E2D5F}.Debug|Any CPU.Build.0 = Debug|Any CPU
		{527AFCD5-24DB-4196-9E91-702C5D4E2D5F}.Release|Any CPU.ActiveCfg = Release|Any CPU
		{527AFCD5-24DB-4196-9E91-702C5D4E2D5F}.Release|Any CPU.Build.0 = Release|Any CPU
		{CE6B4199-9AC6-41C4-94FB-3FF385E667DF}.Debug|Any CPU.ActiveCfg = Debug|Any CPU
		{CE6B4199-9AC6-41C4-94FB-3FF385E667DF}.Debug|Any CPU.Build.0 = Debug|Any CPU
		{CE6B4199-9AC6-41C4-94FB-3FF385E667DF}.Release|Any CPU.ActiveCfg = Release|Any CPU
		{CE6B4199-9AC6-41C4-94FB-3FF385E667DF}.Release|Any CPU.Build.0 = Release|Any CPU
	EndGlobalSection
	GlobalSection(SolutionProperties) = preSolution
		HideSolutionNode = FALSE
	EndGlobalSection
	GlobalSection(NestedProjects) = preSolution
		{7F162730-2B20-4453-BED1-3B71F3921B4E} = {5757B76F-3AB4-46C5-9814-59108CEE9D73}
		{FBFE3E04-7202-45DB-BFB0-527EB08A5DF6} = {5757B76F-3AB4-46C5-9814-59108CEE9D73}
		{44BAA279-D4E7-4B2E-9180-E4C7AC06AC88} = {7D27FD64-DE50-49E1-BF02-D22FD6648E4C}
		{E7A0CC03-40E3-49D1-8373-48BDD792E9CB} = {916F5F0D-D4BD-46EB-935C-2B9336FB448F}
		{7E05312A-CEC0-4021-8610-EAC5E276B175} = {7A9932C5-98DF-41E4-9717-42FDD99ED286}
		{CFAD28FA-CE49-4A94-B286-1DA4D45B6159} = {E72085D0-0B25-4190-A5DC-97181D6E80C6}
		{76E95748-0E08-4E08-8904-278304C9A212} = {E72085D0-0B25-4190-A5DC-97181D6E80C6}
		{BD0DD05F-5977-4022-8597-9123978E7647} = {F0E632B9-6CEE-4FB8-BAD8-9EE25BC34D83}
		{B4A6F027-1E86-44D9-9240-A55D32F68FA4} = {F0E632B9-6CEE-4FB8-BAD8-9EE25BC34D83}
		{C6D0CD76-8C85-43AB-8EE2-A18CAD8B4D62} = {E72085D0-0B25-4190-A5DC-97181D6E80C6}
		{527AFCD5-24DB-4196-9E91-702C5D4E2D5F} = {E72085D0-0B25-4190-A5DC-97181D6E80C6}
		{CE6B4199-9AC6-41C4-94FB-3FF385E667DF} = {E72085D0-0B25-4190-A5DC-97181D6E80C6}
	EndGlobalSection
	GlobalSection(ExtensibilityGlobals) = postSolution
		SolutionGuid = {981BF5CE-1ED4-4269-8BC1-977785DCD367}
	EndGlobalSection
EndGlobal
